<?xml version="1.0" encoding="utf-8"?>
<Project ToolsVersion="4.0" xmlns="http://schemas.microsoft.com/developer/msbuild/2003">
  <ItemGroup>
    <Filter Include="Файлы исходного кода">
      <UniqueIdentifier>{4FC737F1-C7A5-4376-A066-2A32D752A2FF}</UniqueIdentifier>
      <Extensions>cpp;c;cc;cxx;def;odl;idl;hpj;bat;asm;asmx</Extensions>
    </Filter>
    <Filter Include="Заголовочные файлы">
      <UniqueIdentifier>{93995380-89BD-4b04-88EB-625FBE52EBFB}</UniqueIdentifier>
      <Extensions>h;hpp;hxx;hm;inl;inc;xsd</Extensions>
    </Filter>
    <Filter Include="Файлы ресурсов">
      <UniqueIdentifier>{67DA6AB6-F800-4c08-8B7A-83BB121AAD01}</UniqueIdentifier>
      <Extensions>rc;ico;cur;bmp;dlg;rc2;rct;bin;rgs;gif;jpg;jpeg;jpe;resx;tiff;tif;png;wav;mfcribbon-ms</Extensions>
    </Filter>
    <Filter Include="Graph">
      <UniqueIdentifier>{cfaf0c48-4e3b-46e6-bfdc-357d7b6174e0}</UniqueIdentifier>
    </Filter>
    <Filter Include="Regression">
      <UniqueIdentifier>{eb5da234-6fa1-4d87-a7c9-5e8bed84ba8b}</UniqueIdentifier>
    </Filter>
  </ItemGroup>
  <ItemGroup>
    <ClCompile Include="main.cpp">
      <Filter>Файлы исходного кода</Filter>
    </ClCompile>
    <ClCompile Include="Human.cpp">
      <Filter>Файлы исходного кода</Filter>
    </ClCompile>
    <ClCompile Include="normalDistribution.cpp">
      <Filter>Файлы исходного кода</Filter>
    </ClCompile>
    <ClCompile Include="SVreader.cpp">
      <Filter>Файлы исходного кода</Filter>
    </ClCompile>
    <ClCompile Include="ILinearRegression.cpp">
      <Filter>Regression</Filter>
    </ClCompile>
    <ClCompile Include="linearRegression.cpp">
      <Filter>Regression</Filter>
    </ClCompile>
    <ClCompile Include="OrdinaryLeastSquares.cpp">
      <Filter>Regression</Filter>
    </ClCompile>
    <ClCompile Include="Edge.cpp">
      <Filter>Graph</Filter>
    </ClCompile>
    <ClCompile Include="SortedListOfEdge.cpp">
      <Filter>Graph</Filter>
    </ClCompile>
    <ClCompile Include="MainMethod.cpp">
      <Filter>Файлы исходного кода</Filter>
    </ClCompile>
    <ClCompile Include="Graphs.cpp">
      <Filter>Graph</Filter>
    </ClCompile>
  </ItemGroup>
  <ItemGroup>
    <ClInclude Include="Human.h">
      <Filter>Заголовочные файлы</Filter>
    </ClInclude>
    <ClInclude Include="normalDistribution.h">
      <Filter>Заголовочные файлы</Filter>
    </ClInclude>
    <ClInclude Include="Edge.h">
      <Filter>Graph</Filter>
    </ClInclude>
    <ClInclude Include="SortedListOfEdge.h">
      <Filter>Graph</Filter>
    </ClInclude>
    <ClInclude Include="SVreader.h">
      <Filter>Заголовочные файлы</Filter>
    </ClInclude>
    <ClInclude Include="linearRegression.h">
      <Filter>Regression</Filter>
    </ClInclude>
    <ClInclude Include="ILinearRegression.h">
      <Filter>Regression</Filter>
    </ClInclude>
    <ClInclude Include="OrdinaryLeastSquares.h">
      <Filter>Regression</Filter>
    </ClInclude>
    <ClInclude Include="MainMethod.h">
      <Filter>Заголовочные файлы</Filter>
    </ClInclude>
    <ClInclude Include="Graphs.h">
      <Filter>Graph</Filter>
    </ClInclude>
  </ItemGroup>
  <ItemGroup>
    <None Include="ClassDiagram.cd" />
  </ItemGroup>
</Project>